github.com/albarrazikrillah14/go-say-hello v1.0.0 h1:ydgCFwIbpYs2RG2bLCWPWkF2SaTHI17B3osxXJ3h7YQ=
github.com/albarrazikrillah14/go-say-hello v1.0.0/go.mod h1:wS3GXOSLXBzgOBegtRt2SkhWROzA+nVZGddPEUjPMLY=
github.com/albarrazikrillah14/go-say-hello v1.5.0 h1:YY0N4ZYtD3dKBdJ97EqKzk9dJf7BD0iD+JeMnX0ymMc=
github.com/albarrazikrillah14/go-say-hello v1.5.0/go.mod h1:wS3GXOSLXBzgOBegtRt2SkhWROzA+nVZGddPEUjPMLY=
